// !$*UTF8*$!
{
	archiveVersion = 1;
	classes = {
	};
	objectVersion = 50;
	objects = {

/* Begin PBXBuildFile section */
		D7D05F452506BF21004BB3B1 /* AppDelegate.swift in Sources */ = {isa = PBXBuildFile; fileRef = D7D05F442506BF21004BB3B1 /* AppDelegate.swift */; };
		D7D05F4E2506BF24004BB3B1 /* Assets.xcassets in Resources */ = {isa = PBXBuildFile; fileRef = D7D05F4D2506BF24004BB3B1 /* Assets.xcassets */; };
		D7D05F512506BF24004BB3B1 /* LaunchScreen.storyboard in Resources */ = {isa = PBXBuildFile; fileRef = D7D05F4F2506BF24004BB3B1 /* LaunchScreen.storyboard */; };
		D7D05F5C2506BF24004BB3B1 /* SavedUserDataTests.swift in Sources */ = {isa = PBXBuildFile; fileRef = D7D05F5B2506BF24004BB3B1 /* SavedUserDataTests.swift */; };
		D7D05F682506C314004BB3B1 /* DetailsScreenProtocols.swift in Sources */ = {isa = PBXBuildFile; fileRef = D7D05F672506C314004BB3B1 /* DetailsScreenProtocols.swift */; };
		D7D05F692506C314004BB3B1 /* DetailsScreenProtocols.swift in Sources */ = {isa = PBXBuildFile; fileRef = D7D05F672506C314004BB3B1 /* DetailsScreenProtocols.swift */; };
		D7D05F6C2506C336004BB3B1 /* DetailsViewController.swift in Sources */ = {isa = PBXBuildFile; fileRef = D7D05F6A2506C336004BB3B1 /* DetailsViewController.swift */; };
		D7D05F6D2506C336004BB3B1 /* DetailsViewController.xib in Resources */ = {isa = PBXBuildFile; fileRef = D7D05F6B2506C336004BB3B1 /* DetailsViewController.xib */; };
		D7D05F6F2506C348004BB3B1 /* DetailsViewModel.swift in Sources */ = {isa = PBXBuildFile; fileRef = D7D05F6E2506C348004BB3B1 /* DetailsViewModel.swift */; };
		D7D05F702506C348004BB3B1 /* DetailsViewModel.swift in Sources */ = {isa = PBXBuildFile; fileRef = D7D05F6E2506C348004BB3B1 /* DetailsViewModel.swift */; };
		D7D05F722506C612004BB3B1 /* DetailsVC+DetailsDelegate.swift in Sources */ = {isa = PBXBuildFile; fileRef = D7D05F712506C612004BB3B1 /* DetailsVC+DetailsDelegate.swift */; };
		D7D05F752506C96E004BB3B1 /* SavedUserData.swift in Sources */ = {isa = PBXBuildFile; fileRef = D7D05F742506C96E004BB3B1 /* SavedUserData.swift */; };
		D7D05F762506C975004BB3B1 /* SavedUserData.swift in Sources */ = {isa = PBXBuildFile; fileRef = D7D05F742506C96E004BB3B1 /* SavedUserData.swift */; };
		D7D05F782506C9EE004BB3B1 /* SavedDataService.swift in Sources */ = {isa = PBXBuildFile; fileRef = D7D05F772506C9EE004BB3B1 /* SavedDataService.swift */; };
		D7FF1CE52507DB4C00B2C008 /* SavedDataService.swift in Sources */ = {isa = PBXBuildFile; fileRef = D7D05F772506C9EE004BB3B1 /* SavedDataService.swift */; };
/* End PBXBuildFile section */

/* Begin PBXContainerItemProxy section */
		D7D05F582506BF24004BB3B1 /* PBXContainerItemProxy */ = {
			isa = PBXContainerItemProxy;
			containerPortal = D7D05F392506BF21004BB3B1 /* Project object */;
			proxyType = 1;
			remoteGlobalIDString = D7D05F402506BF21004BB3B1;
			remoteInfo = HappyBirthday;
		};
/* End PBXContainerItemProxy section */

/* Begin PBXFileReference section */
		D7D05F412506BF21004BB3B1 /* HappyBirthday.app */ = {isa = PBXFileReference; explicitFileType = wrapper.application; includeInIndex = 0; path = HappyBirthday.app; sourceTree = BUILT_PRODUCTS_DIR; };
		D7D05F442506BF21004BB3B1 /* AppDelegate.swift */ = {isa = PBXFileReference; lastKnownFileType = sourcecode.swift; path = AppDelegate.swift; sourceTree = "<group>"; };
		D7D05F4D2506BF24004BB3B1 /* Assets.xcassets */ = {isa = PBXFileReference; lastKnownFileType = folder.assetcatalog; path = Assets.xcassets; sourceTree = "<group>"; };
		D7D05F502506BF24004BB3B1 /* Base */ = {isa = PBXFileReference; lastKnownFileType = file.storyboard; name = Base; path = Base.lproj/LaunchScreen.storyboard; sourceTree = "<group>"; };
		D7D05F522506BF24004BB3B1 /* Info.plist */ = {isa = PBXFileReference; lastKnownFileType = text.plist.xml; path = Info.plist; sourceTree = "<group>"; };
		D7D05F572506BF24004BB3B1 /* HappyBirthdayTests.xctest */ = {isa = PBXFileReference; explicitFileType = wrapper.cfbundle; includeInIndex = 0; path = HappyBirthdayTests.xctest; sourceTree = BUILT_PRODUCTS_DIR; };
		D7D05F5B2506BF24004BB3B1 /* SavedUserDataTests.swift */ = {isa = PBXFileReference; lastKnownFileType = sourcecode.swift; path = SavedUserDataTests.swift; sourceTree = "<group>"; };
		D7D05F5D2506BF24004BB3B1 /* Info.plist */ = {isa = PBXFileReference; lastKnownFileType = text.plist.xml; path = Info.plist; sourceTree = "<group>"; };
		D7D05F672506C314004BB3B1 /* DetailsScreenProtocols.swift */ = {isa = PBXFileReference; lastKnownFileType = sourcecode.swift; path = DetailsScreenProtocols.swift; sourceTree = "<group>"; };
		D7D05F6A2506C336004BB3B1 /* DetailsViewController.swift */ = {isa = PBXFileReference; lastKnownFileType = sourcecode.swift; path = DetailsViewController.swift; sourceTree = "<group>"; };
		D7D05F6B2506C336004BB3B1 /* DetailsViewController.xib */ = {isa = PBXFileReference; lastKnownFileType = file.xib; path = DetailsViewController.xib; sourceTree = "<group>"; };
		D7D05F6E2506C348004BB3B1 /* DetailsViewModel.swift */ = {isa = PBXFileReference; lastKnownFileType = sourcecode.swift; path = DetailsViewModel.swift; sourceTree = "<group>"; };
		D7D05F712506C612004BB3B1 /* DetailsVC+DetailsDelegate.swift */ = {isa = PBXFileReference; lastKnownFileType = sourcecode.swift; path = "DetailsVC+DetailsDelegate.swift"; sourceTree = "<group>"; };
		D7D05F742506C96E004BB3B1 /* SavedUserData.swift */ = {isa = PBXFileReference; lastKnownFileType = sourcecode.swift; path = SavedUserData.swift; sourceTree = "<group>"; };
		D7D05F772506C9EE004BB3B1 /* SavedDataService.swift */ = {isa = PBXFileReference; lastKnownFileType = sourcecode.swift; path = SavedDataService.swift; sourceTree = "<group>"; };
/* End PBXFileReference section */

/* Begin PBXFrameworksBuildPhase section */
		D7D05F3E2506BF21004BB3B1 /* Frameworks */ = {
			isa = PBXFrameworksBuildPhase;
			buildActionMask = 2147483647;
			files = (
			);
			runOnlyForDeploymentPostprocessing = 0;
		};
		D7D05F542506BF24004BB3B1 /* Frameworks */ = {
			isa = PBXFrameworksBuildPhase;
			buildActionMask = 2147483647;
			files = (
			);
			runOnlyForDeploymentPostprocessing = 0;
		};
/* End PBXFrameworksBuildPhase section */

/* Begin PBXGroup section */
		D7D05F382506BF21004BB3B1 = {
			isa = PBXGroup;
			children = (
				D7D05F432506BF21004BB3B1 /* HappyBirthday */,
				D7D05F5A2506BF24004BB3B1 /* HappyBirthdayTests */,
				D7D05F422506BF21004BB3B1 /* Products */,
			);
			sourceTree = "<group>";
		};
		D7D05F422506BF21004BB3B1 /* Products */ = {
			isa = PBXGroup;
			children = (
				D7D05F412506BF21004BB3B1 /* HappyBirthday.app */,
				D7D05F572506BF24004BB3B1 /* HappyBirthdayTests.xctest */,
			);
			name = Products;
			sourceTree = "<group>";
		};
		D7D05F432506BF21004BB3B1 /* HappyBirthday */ = {
			isa = PBXGroup;
			children = (
				D7D05F442506BF21004BB3B1 /* AppDelegate.swift */,
				D7D05F732506C942004BB3B1 /* Saved user data */,
				D7D05F662506C2EB004BB3B1 /* Details screen */,
				D7D05F4D2506BF24004BB3B1 /* Assets.xcassets */,
				D7D05F4F2506BF24004BB3B1 /* LaunchScreen.storyboard */,
				D7D05F522506BF24004BB3B1 /* Info.plist */,
			);
			path = HappyBirthday;
			sourceTree = "<group>";
		};
		D7D05F5A2506BF24004BB3B1 /* HappyBirthdayTests */ = {
			isa = PBXGroup;
			children = (
				D7D05F5B2506BF24004BB3B1 /* SavedUserDataTests.swift */,
				D7D05F5D2506BF24004BB3B1 /* Info.plist */,
			);
			path = HappyBirthdayTests;
			sourceTree = "<group>";
		};
		D7D05F662506C2EB004BB3B1 /* Details screen */ = {
			isa = PBXGroup;
			children = (
				D7D05F672506C314004BB3B1 /* DetailsScreenProtocols.swift */,
				D7D05F6E2506C348004BB3B1 /* DetailsViewModel.swift */,
				D7D05F6A2506C336004BB3B1 /* DetailsViewController.swift */,
				D7D05F712506C612004BB3B1 /* DetailsVC+DetailsDelegate.swift */,
				D7D05F6B2506C336004BB3B1 /* DetailsViewController.xib */,
			);
			path = "Details screen";
			sourceTree = "<group>";
		};
		D7D05F732506C942004BB3B1 /* Saved user data */ = {
			isa = PBXGroup;
			children = (
				D7D05F742506C96E004BB3B1 /* SavedUserData.swift */,
				D7D05F772506C9EE004BB3B1 /* SavedDataService.swift */,
			);
			path = "Saved user data";
			sourceTree = "<group>";
		};
/* End PBXGroup section */

/* Begin PBXNativeTarget section */
		D7D05F402506BF21004BB3B1 /* HappyBirthday */ = {
			isa = PBXNativeTarget;
			buildConfigurationList = D7D05F602506BF24004BB3B1 /* Build configuration list for PBXNativeTarget "HappyBirthday" */;
			buildPhases = (
				D7D05F3D2506BF21004BB3B1 /* Sources */,
				D7D05F3E2506BF21004BB3B1 /* Frameworks */,
				D7D05F3F2506BF21004BB3B1 /* Resources */,
			);
			buildRules = (
			);
			dependencies = (
			);
			name = HappyBirthday;
			productName = HappyBirthday;
			productReference = D7D05F412506BF21004BB3B1 /* HappyBirthday.app */;
			productType = "com.apple.product-type.application";
		};
		D7D05F562506BF24004BB3B1 /* HappyBirthdayTests */ = {
			isa = PBXNativeTarget;
			buildConfigurationList = D7D05F632506BF24004BB3B1 /* Build configuration list for PBXNativeTarget "HappyBirthdayTests" */;
			buildPhases = (
				D7D05F532506BF24004BB3B1 /* Sources */,
				D7D05F542506BF24004BB3B1 /* Frameworks */,
				D7D05F552506BF24004BB3B1 /* Resources */,
			);
			buildRules = (
			);
			dependencies = (
				D7D05F592506BF24004BB3B1 /* PBXTargetDependency */,
			);
			name = HappyBirthdayTests;
			productName = HappyBirthdayTests;
			productReference = D7D05F572506BF24004BB3B1 /* HappyBirthdayTests.xctest */;
			productType = "com.apple.product-type.bundle.unit-test";
		};
/* End PBXNativeTarget section */

/* Begin PBXProject section */
		D7D05F392506BF21004BB3B1 /* Project object */ = {
			isa = PBXProject;
			attributes = {
				LastSwiftUpdateCheck = 1150;
				LastUpgradeCheck = 1150;
				ORGANIZATIONNAME = "Александр";
				TargetAttributes = {
					D7D05F402506BF21004BB3B1 = {
						CreatedOnToolsVersion = 11.5;
					};
					D7D05F562506BF24004BB3B1 = {
						CreatedOnToolsVersion = 11.5;
						TestTargetID = D7D05F402506BF21004BB3B1;
					};
				};
			};
			buildConfigurationList = D7D05F3C2506BF21004BB3B1 /* Build configuration list for PBXProject "HappyBirthday" */;
			compatibilityVersion = "Xcode 9.3";
			developmentRegion = en;
			hasScannedForEncodings = 0;
			knownRegions = (
				en,
				Base,
			);
			mainGroup = D7D05F382506BF21004BB3B1;
			productRefGroup = D7D05F422506BF21004BB3B1 /* Products */;
			projectDirPath = "";
			projectRoot = "";
			targets = (
				D7D05F402506BF21004BB3B1 /* HappyBirthday */,
				D7D05F562506BF24004BB3B1 /* HappyBirthdayTests */,
			);
		};
/* End PBXProject section */

/* Begin PBXResourcesBuildPhase section */
		D7D05F3F2506BF21004BB3B1 /* Resources */ = {
			isa = PBXResourcesBuildPhase;
			buildActionMask = 2147483647;
			files = (
				D7D05F512506BF24004BB3B1 /* LaunchScreen.storyboard in Resources */,
				D7D05F4E2506BF24004BB3B1 /* Assets.xcassets in Resources */,
				D7D05F6D2506C336004BB3B1 /* DetailsViewController.xib in Resources */,
			);
			runOnlyForDeploymentPostprocessing = 0;
		};
		D7D05F552506BF24004BB3B1 /* Resources */ = {
			isa = PBXResourcesBuildPhase;
			buildActionMask = 2147483647;
			files = (
			);
			runOnlyForDeploymentPostprocessing = 0;
		};
/* End PBXResourcesBuildPhase section */

/* Begin PBXSourcesBuildPhase section */
		D7D05F3D2506BF21004BB3B1 /* Sources */ = {
			isa = PBXSourcesBuildPhase;
			buildActionMask = 2147483647;
			files = (
				D7D05F682506C314004BB3B1 /* DetailsScreenProtocols.swift in Sources */,
				D7D05F782506C9EE004BB3B1 /* SavedDataService.swift in Sources */,
				D7D05F6F2506C348004BB3B1 /* DetailsViewModel.swift in Sources */,
				D7D05F752506C96E004BB3B1 /* SavedUserData.swift in Sources */,
				D7D05F452506BF21004BB3B1 /* AppDelegate.swift in Sources */,
				D7D05F6C2506C336004BB3B1 /* DetailsViewController.swift in Sources */,
				D7D05F722506C612004BB3B1 /* DetailsVC+DetailsDelegate.swift in Sources */,
			);
			runOnlyForDeploymentPostprocessing = 0;
		};
		D7D05F532506BF24004BB3B1 /* Sources */ = {
			isa = PBXSourcesBuildPhase;
			buildActionMask = 2147483647;
			files = (
				D7D05F692506C314004BB3B1 /* DetailsScreenProtocols.swift in Sources */,
				D7D05F5C2506BF24004BB3B1 /* SavedUserDataTests.swift in Sources */,
				D7D05F762506C975004BB3B1 /* SavedUserData.swift in Sources */,
				D7FF1CE52507DB4C00B2C008 /* SavedDataService.swift in Sources */,
				D7D05F702506C348004BB3B1 /* DetailsViewModel.swift in Sources */,
			);
			runOnlyForDeploymentPostprocessing = 0;
		};
/* End PBXSourcesBuildPhase section */

/* Begin PBXTargetDependency section */
		D7D05F592506BF24004BB3B1 /* PBXTargetDependency */ = {
			isa = PBXTargetDependency;
			target = D7D05F402506BF21004BB3B1 /* HappyBirthday */;
			targetProxy = D7D05F582506BF24004BB3B1 /* PBXContainerItemProxy */;
		};
/* End PBXTargetDependency section */

/* Begin PBXVariantGroup section */
		D7D05F4F2506BF24004BB3B1 /* LaunchScreen.storyboard */ = {
			isa = PBXVariantGroup;
			children = (
				D7D05F502506BF24004BB3B1 /* Base */,
			);
			name = LaunchScreen.storyboard;
			sourceTree = "<group>";
		};
/* End PBXVariantGroup section */

/* Begin XCBuildConfiguration section */
		D7D05F5E2506BF24004BB3B1 /* Debug */ = {
			isa = XCBuildConfiguration;
			buildSettings = {
				ALWAYS_SEARCH_USER_PATHS = NO;
				CLANG_ANALYZER_NONNULL = YES;
				CLANG_ANALYZER_NUMBER_OBJECT_CONVERSION = YES_AGGRESSIVE;
				CLANG_CXX_LANGUAGE_STANDARD = "gnu++14";
				CLANG_CXX_LIBRARY = "libc++";
				CLANG_ENABLE_MODULES = YES;
				CLANG_ENABLE_OBJC_ARC = YES;
				CLANG_ENABLE_OBJC_WEAK = YES;
				CLANG_WARN_BLOCK_CAPTURE_AUTORELEASING = YES;
				CLANG_WARN_BOOL_CONVERSION = YES;
				CLANG_WARN_COMMA = YES;
				CLANG_WARN_CONSTANT_CONVERSION = YES;
				CLANG_WARN_DEPRECATED_OBJC_IMPLEMENTATIONS = YES;
				CLANG_WARN_DIRECT_OBJC_ISA_USAGE = YES_ERROR;
				CLANG_WARN_DOCUMENTATION_COMMENTS = YES;
				CLANG_WARN_EMPTY_BODY = YES;
				CLANG_WARN_ENUM_CONVERSION = YES;
				CLANG_WARN_INFINITE_RECURSION = YES;
				CLANG_WARN_INT_CONVERSION = YES;
				CLANG_WARN_NON_LITERAL_NULL_CONVERSION = YES;
				CLANG_WARN_OBJC_IMPLICIT_RETAIN_SELF = YES;
				CLANG_WARN_OBJC_LITERAL_CONVERSION = YES;
				CLANG_WARN_OBJC_ROOT_CLASS = YES_ERROR;
				CLANG_WARN_RANGE_LOOP_ANALYSIS = YES;
				CLANG_WARN_STRICT_PROTOTYPES = YES;
				CLANG_WARN_SUSPICIOUS_MOVE = YES;
				CLANG_WARN_UNGUARDED_AVAILABILITY = YES_AGGRESSIVE;
				CLANG_WARN_UNREACHABLE_CODE = YES;
				CLANG_WARN__DUPLICATE_METHOD_MATCH = YES;
				COPY_PHASE_STRIP = NO;
				DEBUG_INFORMATION_FORMAT = dwarf;
				ENABLE_STRICT_OBJC_MSGSEND = YES;
				ENABLE_TESTABILITY = YES;
				GCC_C_LANGUAGE_STANDARD = gnu11;
				GCC_DYNAMIC_NO_PIC = NO;
				GCC_NO_COMMON_BLOCKS = YES;
				GCC_OPTIMIZATION_LEVEL = 0;
				GCC_PREPROCESSOR_DEFINITIONS = (
					"DEBUG=1",
					"$(inherited)",
				);
				GCC_WARN_64_TO_32_BIT_CONVERSION = YES;
				GCC_WARN_ABOUT_RETURN_TYPE = YES_ERROR;
				GCC_WARN_UNDECLARED_SELECTOR = YES;
				GCC_WARN_UNINITIALIZED_AUTOS = YES_AGGRESSIVE;
				GCC_WARN_UNUSED_FUNCTION = YES;
				GCC_WARN_UNUSED_VARIABLE = YES;
				IPHONEOS_DEPLOYMENT_TARGET = 13.5;
				MTL_ENABLE_DEBUG_INFO = INCLUDE_SOURCE;
				MTL_FAST_MATH = YES;
				ONLY_ACTIVE_ARCH = YES;
				SDKROOT = iphoneos;
				SWIFT_ACTIVE_COMPILATION_CONDITIONS = DEBUG;
				SWIFT_OPTIMIZATION_LEVEL = "-Onone";
			};
			name = Debug;
		};
		D7D05F5F2506BF24004BB3B1 /* Release */ = {
			isa = XCBuildConfiguration;
			buildSettings = {
				ALWAYS_SEARCH_USER_PATHS = NO;
				CLANG_ANALYZER_NONNULL = YES;
				CLANG_ANALYZER_NUMBER_OBJECT_CONVERSION = YES_AGGRESSIVE;
				CLANG_CXX_LANGUAGE_STANDARD = "gnu++14";
				CLANG_CXX_LIBRARY = "libc++";
				CLANG_ENABLE_MODULES = YES;
				CLANG_ENABLE_OBJC_ARC = YES;
				CLANG_ENABLE_OBJC_WEAK = YES;
				CLANG_WARN_BLOCK_CAPTURE_AUTORELEASING = YES;
				CLANG_WARN_BOOL_CONVERSION = YES;
				CLANG_WARN_COMMA = YES;
				CLANG_WARN_CONSTANT_CONVERSION = YES;
				CLANG_WARN_DEPRECATED_OBJC_IMPLEMENTATIONS = YES;
				CLANG_WARN_DIRECT_OBJC_ISA_USAGE = YES_ERROR;
				CLANG_WARN_DOCUMENTATION_COMMENTS = YES;
				CLANG_WARN_EMPTY_BODY = YES;
				CLANG_WARN_ENUM_CONVERSION = YES;
				CLANG_WARN_INFINITE_RECURSION = YES;
				CLANG_WARN_INT_CONVERSION = YES;
				CLANG_WARN_NON_LITERAL_NULL_CONVERSION = YES;
				CLANG_WARN_OBJC_IMPLICIT_RETAIN_SELF = YES;
				CLANG_WARN_OBJC_LITERAL_CONVERSION = YES;
				CLANG_WARN_OBJC_ROOT_CLASS = YES_ERROR;
				CLANG_WARN_RANGE_LOOP_ANALYSIS = YES;
				CLANG_WARN_STRICT_PROTOTYPES = YES;
				CLANG_WARN_SUSPICIOUS_MOVE = YES;
				CLANG_WARN_UNGUARDED_AVAILABILITY = YES_AGGRESSIVE;
				CLANG_WARN_UNREACHABLE_CODE = YES;
				CLANG_WARN__DUPLICATE_METHOD_MATCH = YES;
				COPY_PHASE_STRIP = NO;
				DEBUG_INFORMATION_FORMAT = "dwarf-with-dsym";
				ENABLE_NS_ASSERTIONS = NO;
				ENABLE_STRICT_OBJC_MSGSEND = YES;
				GCC_C_LANGUAGE_STANDARD = gnu11;
				GCC_NO_COMMON_BLOCKS = YES;
				GCC_WARN_64_TO_32_BIT_CONVERSION = YES;
				GCC_WARN_ABOUT_RETURN_TYPE = YES_ERROR;
				GCC_WARN_UNDECLARED_SELECTOR = YES;
				GCC_WARN_UNINITIALIZED_AUTOS = YES_AGGRESSIVE;
				GCC_WARN_UNUSED_FUNCTION = YES;
				GCC_WARN_UNUSED_VARIABLE = YES;
				IPHONEOS_DEPLOYMENT_TARGET = 13.5;
				MTL_ENABLE_DEBUG_INFO = NO;
				MTL_FAST_MATH = YES;
				SDKROOT = iphoneos;
				SWIFT_COMPILATION_MODE = wholemodule;
				SWIFT_OPTIMIZATION_LEVEL = "-O";
				VALIDATE_PRODUCT = YES;
			};
			name = Release;
		};
		D7D05F612506BF24004BB3B1 /* Debug */ = {
			isa = XCBuildConfiguration;
			buildSettings = {
				ASSETCATALOG_COMPILER_APPICON_NAME = AppIcon;
				CODE_SIGN_STYLE = Automatic;
				DEVELOPMENT_TEAM = CH744BWJLN;
				INFOPLIST_FILE = HappyBirthday/Info.plist;
				IPHONEOS_DEPLOYMENT_TARGET = 11.0;
				LD_RUNPATH_SEARCH_PATHS = (
					"$(inherited)",
					"@executable_path/Frameworks",
				);
				PRODUCT_BUNDLE_IDENTIFIER = com.lexHrabovskyi.HappyBirthday;
				PRODUCT_NAME = "$(TARGET_NAME)";
				SWIFT_VERSION = 5.0;
				TARGETED_DEVICE_FAMILY = 1;
			};
			name = Debug;
		};
		D7D05F622506BF24004BB3B1 /* Release */ = {
			isa = XCBuildConfiguration;
			buildSettings = {
				ASSETCATALOG_COMPILER_APPICON_NAME = AppIcon;
				CODE_SIGN_STYLE = Automatic;
				DEVELOPMENT_TEAM = CH744BWJLN;
				INFOPLIST_FILE = HappyBirthday/Info.plist;
				IPHONEOS_DEPLOYMENT_TARGET = 11.0;
				LD_RUNPATH_SEARCH_PATHS = (
					"$(inherited)",
					"@executable_path/Frameworks",
				);
				PRODUCT_BUNDLE_IDENTIFIER = com.lexHrabovskyi.HappyBirthday;
				PRODUCT_NAME = "$(TARGET_NAME)";
				SWIFT_VERSION = 5.0;
				TARGETED_DEVICE_FAMILY = 1;
			};
			name = Release;
		};
		D7D05F642506BF24004BB3B1 /* Debug */ = {
			isa = XCBuildConfiguration;
			buildSettings = {
				ALWAYS_EMBED_SWIFT_STANDARD_LIBRARIES = YES;
				BUNDLE_LOADER = "$(TEST_HOST)";
				CODE_SIGN_STYLE = Automatic;
				DEVELOPMENT_TEAM = CH744BWJLN;
				INFOPLIST_FILE = HappyBirthdayTests/Info.plist;
				IPHONEOS_DEPLOYMENT_TARGET = 13.5;
				LD_RUNPATH_SEARCH_PATHS = (
					"$(inherited)",
					"@executable_path/Frameworks",
					"@loader_path/Frameworks",
				);
				PRODUCT_BUNDLE_IDENTIFIER = com.lexHrabovskyi.HappyBirthdayTests;
				PRODUCT_NAME = "$(TARGET_NAME)";
				SWIFT_VERSION = 5.0;
				TARGETED_DEVICE_FAMILY = "1,2";
				TEST_HOST = "$(BUILT_PRODUCTS_DIR)/HappyBirthday.app/HappyBirthday";
			};
			name = Debug;
		};
		D7D05F652506BF24004BB3B1 /* Release */ = {
			isa = XCBuildConfiguration;
			buildSettings = {
				ALWAYS_EMBED_SWIFT_STANDARD_LIBRARIES = YES;
				BUNDLE_LOADER = "$(TEST_HOST)";
				CODE_SIGN_STYLE = Automatic;
				DEVELOPMENT_TEAM = CH744BWJLN;
				INFOPLIST_FILE = HappyBirthdayTests/Info.plist;
				IPHONEOS_DEPLOYMENT_TARGET = 13.5;
				LD_RUNPATH_SEARCH_PATHS = (
					"$(inherited)",
					"@executable_path/Frameworks",
					"@loader_path/Frameworks",
				);
				PRODUCT_BUNDLE_IDENTIFIER = com.lexHrabovskyi.HappyBirthdayTests;
				PRODUCT_NAME = "$(TARGET_NAME)";
				SWIFT_VERSION = 5.0;
				TARGETED_DEVICE_FAMILY = "1,2";
				TEST_HOST = "$(BUILT_PRODUCTS_DIR)/HappyBirthday.app/HappyBirthday";
			};
			name = Release;
		};
/* End XCBuildConfiguration section */

/* Begin XCConfigurationList section */
		D7D05F3C2506BF21004BB3B1 /* Build configuration list for PBXProject "HappyBirthday" */ = {
			isa = XCConfigurationList;
			buildConfigurations = (
				D7D05F5E2506BF24004BB3B1 /* Debug */,
				D7D05F5F2506BF24004BB3B1 /* Release */,
			);
			defaultConfigurationIsVisible = 0;
			defaultConfigurationName = Release;
		};
		D7D05F602506BF24004BB3B1 /* Build configuration list for PBXNativeTarget "HappyBirthday" */ = {
			isa = XCConfigurationList;
			buildConfigurations = (
				D7D05F612506BF24004BB3B1 /* Debug */,
				D7D05F622506BF24004BB3B1 /* Release */,
			);
			defaultConfigurationIsVisible = 0;
			defaultConfigurationName = Release;
		};
		D7D05F632506BF24004BB3B1 /* Build configuration list for PBXNativeTarget "HappyBirthdayTests" */ = {
			isa = XCConfigurationList;
			buildConfigurations = (
				D7D05F642506BF24004BB3B1 /* Debug */,
				D7D05F652506BF24004BB3B1 /* Release */,
			);
			defaultConfigurationIsVisible = 0;
			defaultConfigurationName = Release;
		};
/* End XCConfigurationList section */
	};
	rootObject = D7D05F392506BF21004BB3B1 /* Project object */;
}
